
Microsoft Visual Studio Solution File, Format Version 12.00
# Visual Studio Version 16
VisualStudioVersion = 16.0.30517.126
MinimumVisualStudioVersion = 10.0.40219.1
Project("{8BC9CEB8-8B4A-11D0-8D11-00A0C91BC942}") = "Gestion_Reservation", "Gestion_Reservation.vcxproj", "{13EBA670-E514-4B17-95CA-047985C42DB0}"
EndProject
Project("{2150E333-8FDC-42A3-9474-1A3956D46DE8}") = "Solution Items", "Solution Items", "{418F5CA4-B980-4380-8AB9-A1144720E580}"
EndProject
Global
	GlobalSection(SolutionConfigurationPlatforms) = preSolution
		Debug|x64 = Debug|x64
		Debug|x86 = Debug|x86
		Release|x64 = Release|x64
		Release|x86 = Release|x86
	EndGlobalSection
	GlobalSection(ProjectConfigurationPlatforms) = postSolution
		{13EBA670-E514-4B17-95CA-047985C42DB0}.Debug|x64.ActiveCfg = Debug|x64
		{13EBA670-E514-4B17-95CA-047985C42DB0}.Debug|x64.Build.0 = Debug|x64
		{13EBA670-E514-4B17-95CA-047985C42DB0}.Debug|x86.ActiveCfg = Debug|Win32
		{13EBA670-E514-4B17-95CA-047985C42DB0}.Debug|x86.Build.0 = Debug|Win32
		{13EBA670-E514-4B17-95CA-047985C42DB0}.Release|x64.ActiveCfg = Release|x64
		{13EBA670-E514-4B17-95CA-047985C42DB0}.Release|x64.Build.0 = Release|x64
		{13EBA670-E514-4B17-95CA-047985C42DB0}.Release|x86.ActiveCfg = Release|Win32
		{13EBA670-E514-4B17-95CA-047985C42DB0}.Release|x86.Build.0 = Release|Win32
	EndGlobalSection
	GlobalSection(SolutionProperties) = preSolution
		HideSolutionNode = FALSE
	EndGlobalSection
	GlobalSection(ExtensibilityGlobals) = postSolution
		SolutionGuid = {415E8C77-C64C-4CD9-8E9D-0A2AEE2EDA2C}
	EndGlobalSection
EndGlobal
